
Microsoft Visual Studio Solution File, Format Version 12.00
# Visual Studio Version 17
VisualStudioVersion = 17.4.33213.308
MinimumVisualStudioVersion = 10.0.40219.1
Project("{FAE04EC0-301F-11D3-BF4B-00C04F79EFBC}") = "solar-system-api", "solar-system-api\solar-system-api.csproj", "{0027E7A3-175B-4346-9971-6F7B7284CDDF}"
EndProject
Global
	GlobalSection(SolutionConfigurationPlatforms) = preSolution
		Debug|Any CPU = Debug|Any CPU
		Release|Any CPU = Release|Any CPU
	EndGlobalSection
	GlobalSection(ProjectConfigurationPlatforms) = postSolution
		{0027E7A3-175B-4346-9971-6F7B7284CDDF}.Debug|Any CPU.ActiveCfg = Debug|Any CPU
		{0027E7A3-175B-4346-9971-6F7B7284CDDF}.Debug|Any CPU.Build.0 = Debug|Any CPU
		{0027E7A3-175B-4346-9971-6F7B7284CDDF}.Release|Any CPU.ActiveCfg = Release|Any CPU
		{0027E7A3-175B-4346-9971-6F7B7284CDDF}.Release|Any CPU.Build.0 = Release|Any CPU
	EndGlobalSection
	GlobalSection(SolutionProperties) = preSolution
		HideSolutionNode = FALSE
	EndGlobalSection
	GlobalSection(ExtensibilityGlobals) = postSolution
		SolutionGuid = {D46A6DE6-A835-44FF-A6C0-56A34D7BC8E1}
	EndGlobalSection
EndGlobal
