
Microsoft Visual Studio Solution File, Format Version 12.00
# Visual Studio Version 17
VisualStudioVersion = 17.4.33213.308
MinimumVisualStudioVersion = 10.0.40219.1
Project("{FAE04EC0-301F-11D3-BF4B-00C04F79EFBC}") = "solar-system-api", "solar-system-api\solar-system-api.csproj", "{A5233956-AED1-4CE3-B9E6-43C1EAC52339}"
EndProject
Global
	GlobalSection(SolutionConfigurationPlatforms) = preSolution
		Debug|Any CPU = Debug|Any CPU
		Release|Any CPU = Release|Any CPU
	EndGlobalSection
	GlobalSection(ProjectConfigurationPlatforms) = postSolution
		{A5233956-AED1-4CE3-B9E6-43C1EAC52339}.Debug|Any CPU.ActiveCfg = Debug|Any CPU
		{A5233956-AED1-4CE3-B9E6-43C1EAC52339}.Debug|Any CPU.Build.0 = Debug|Any CPU
		{A5233956-AED1-4CE3-B9E6-43C1EAC52339}.Release|Any CPU.ActiveCfg = Release|Any CPU
		{A5233956-AED1-4CE3-B9E6-43C1EAC52339}.Release|Any CPU.Build.0 = Release|Any CPU
	EndGlobalSection
	GlobalSection(SolutionProperties) = preSolution
		HideSolutionNode = FALSE
	EndGlobalSection
	GlobalSection(ExtensibilityGlobals) = postSolution
		SolutionGuid = {E4BF48DA-26BF-4C8D-9725-B4C7578932C4}
	EndGlobalSection
EndGlobal
